
Microsoft Visual Studio Solution File, Format Version 12.00
# Visual Studio Version 16
VisualStudioVersion = 16.0.30621.155
MinimumVisualStudioVersion = 10.0.40219.1
Project("{FAE04EC0-301F-11D3-BF4B-00C04F79EFBC}") = "OOP", "OOP\OOP.csproj", "{F406FD15-A4A8-4569-9828-F77D16DD7A59}"
EndProject
Global
	GlobalSection(SolutionConfigurationPlatforms) = preSolution
		Debug|Any CPU = Debug|Any CPU
		Release|Any CPU = Release|Any CPU
	EndGlobalSection
	GlobalSection(ProjectConfigurationPlatforms) = postSolution
		{F406FD15-A4A8-4569-9828-F77D16DD7A59}.Debug|Any CPU.ActiveCfg = Debug|Any CPU
		{F406FD15-A4A8-4569-9828-F77D16DD7A59}.Debug|Any CPU.Build.0 = Debug|Any CPU
		{F406FD15-A4A8-4569-9828-F77D16DD7A59}.Release|Any CPU.ActiveCfg = Release|Any CPU
		{F406FD15-A4A8-4569-9828-F77D16DD7A59}.Release|Any CPU.Build.0 = Release|Any CPU
	EndGlobalSection
	GlobalSection(SolutionProperties) = preSolution
		HideSolutionNode = FALSE
	EndGlobalSection
	GlobalSection(ExtensibilityGlobals) = postSolution
		SolutionGuid = {75993F07-D23F-4EA1-A085-0D19BD0E2295}
	EndGlobalSection
EndGlobal
